
Microsoft Visual Studio Solution File, Format Version 12.00
# Visual Studio Version 16
VisualStudioVersion = 25.0.1705.0
MinimumVisualStudioVersion = 10.0.40219.1
Project("{FAE04EC0-301F-11D3-BF4B-00C04F79EFBC}") = "Mission14API", "Mission14API\Mission14API.csproj", "{1E75C89D-CFE4-4156-9DDC-744C43B27549}"
EndProject
Global
	GlobalSection(SolutionConfigurationPlatforms) = preSolution
		Debug|Any CPU = Debug|Any CPU
		Release|Any CPU = Release|Any CPU
	EndGlobalSection
	GlobalSection(ProjectConfigurationPlatforms) = postSolution
		{1E75C89D-CFE4-4156-9DDC-744C43B27549}.Debug|Any CPU.ActiveCfg = Debug|Any CPU
		{1E75C89D-CFE4-4156-9DDC-744C43B27549}.Debug|Any CPU.Build.0 = Debug|Any CPU
		{1E75C89D-CFE4-4156-9DDC-744C43B27549}.Release|Any CPU.ActiveCfg = Release|Any CPU
		{1E75C89D-CFE4-4156-9DDC-744C43B27549}.Release|Any CPU.Build.0 = Release|Any CPU
	EndGlobalSection
	GlobalSection(SolutionProperties) = preSolution
		HideSolutionNode = FALSE
	EndGlobalSection
	GlobalSection(ExtensibilityGlobals) = postSolution
		SolutionGuid = {86F265B3-57ED-4473-9046-7FB71DAF2366}
	EndGlobalSection
EndGlobal
